// !$*UTF8*$!
{
	archiveVersion = 1;
	classes = {
	};
	objectVersion = 48;
	objects = {

/* Begin PBXBuildFile section */
		6DEB6D301FD8D081002A1CDA /* comb.c in Sources */ = {isa = PBXBuildFile; fileRef = 6DEB6D2F1FD8D081002A1CDA /* comb.c */; };
		6DEB6D441FD8D0B7002A1CDA /* rule.c in Sources */ = {isa = PBXBuildFile; fileRef = 6DEB6D321FD8D0B4002A1CDA /* rule.c */; };
		6DEB6D451FD8D0B7002A1CDA /* redund.c in Sources */ = {isa = PBXBuildFile; fileRef = 6DEB6D361FD8D0B5002A1CDA /* redund.c */; };
		6DEB6D461FD8D0B7002A1CDA /* disp.c in Sources */ = {isa = PBXBuildFile; fileRef = 6DEB6D381FD8D0B5002A1CDA /* disp.c */; };
		6DEB6D471FD8D0B7002A1CDA /* go.c in Sources */ = {isa = PBXBuildFile; fileRef = 6DEB6D391FD8D0B5002A1CDA /* go.c */; };
		6DEB6D481FD8D0B7002A1CDA /* rank.c in Sources */ = {isa = PBXBuildFile; fileRef = 6DEB6D3C1FD8D0B6002A1CDA /* rank.c */; };
		6DEB6D491FD8D0B7002A1CDA /* inp.c in Sources */ = {isa = PBXBuildFile; fileRef = 6DEB6D3E1FD8D0B6002A1CDA /* inp.c */; };
		6DEB6D4A1FD8D0B7002A1CDA /* dt.c in Sources */ = {isa = PBXBuildFile; fileRef = 6DEB6D3F1FD8D0B6002A1CDA /* dt.c */; };
		6DEB6D4B1FD8D0B7002A1CDA /* score.c in Sources */ = {isa = PBXBuildFile; fileRef = 6DEB6D401FD8D0B6002A1CDA /* score.c */; };
		6DEB6D4C1FD8D0B7002A1CDA /* data.c in Sources */ = {isa = PBXBuildFile; fileRef = 6DEB6D421FD8D0B6002A1CDA /* data.c */; };
		6DEB6D4E1FD8D66E002A1CDA /* toto.c in Sources */ = {isa = PBXBuildFile; fileRef = 6DEB6D4D1FD8D66E002A1CDA /* toto.c */; };
/* End PBXBuildFile section */

/* Begin PBXCopyFilesBuildPhase section */
		6DEB6D221FD8D056002A1CDA /* CopyFiles */ = {
			isa = PBXCopyFilesBuildPhase;
			buildActionMask = 2147483647;
			dstPath = /usr/share/man/man1/;
			dstSubfolderSpec = 0;
			files = (
			);
			runOnlyForDeploymentPostprocessing = 1;
		};
/* End PBXCopyFilesBuildPhase section */

/* Begin PBXFileReference section */
		6DEB6D241FD8D056002A1CDA /* comb */ = {isa = PBXFileReference; explicitFileType = "compiled.mach-o.executable"; includeInIndex = 0; path = comb; sourceTree = BUILT_PRODUCTS_DIR; };
		6DEB6D2E1FD8D081002A1CDA /* comb.h */ = {isa = PBXFileReference; fileEncoding = 4; lastKnownFileType = sourcecode.c.h; name = comb.h; path = ../../Dev/comb/comb.h; sourceTree = "<group>"; };
		6DEB6D2F1FD8D081002A1CDA /* comb.c */ = {isa = PBXFileReference; fileEncoding = 4; lastKnownFileType = sourcecode.c.c; name = comb.c; path = ../../Dev/comb/comb.c; sourceTree = "<group>"; };
		6DEB6D311FD8D0B4002A1CDA /* inp.h */ = {isa = PBXFileReference; fileEncoding = 4; lastKnownFileType = sourcecode.c.h; name = inp.h; path = ../../Dev/comb/inp.h; sourceTree = "<group>"; };
		6DEB6D321FD8D0B4002A1CDA /* rule.c */ = {isa = PBXFileReference; fileEncoding = 4; lastKnownFileType = sourcecode.c.c; name = rule.c; path = ../../Dev/comb/rule.c; sourceTree = "<group>"; };
		6DEB6D331FD8D0B5002A1CDA /* rule.h */ = {isa = PBXFileReference; fileEncoding = 4; lastKnownFileType = sourcecode.c.h; name = rule.h; path = ../../Dev/comb/rule.h; sourceTree = "<group>"; };
		6DEB6D341FD8D0B5002A1CDA /* rank.h */ = {isa = PBXFileReference; fileEncoding = 4; lastKnownFileType = sourcecode.c.h; name = rank.h; path = ../../Dev/comb/rank.h; sourceTree = "<group>"; };
		6DEB6D351FD8D0B5002A1CDA /* score.h */ = {isa = PBXFileReference; fileEncoding = 4; lastKnownFileType = sourcecode.c.h; name = score.h; path = ../../Dev/comb/score.h; sourceTree = "<group>"; };
		6DEB6D361FD8D0B5002A1CDA /* redund.c */ = {isa = PBXFileReference; fileEncoding = 4; lastKnownFileType = sourcecode.c.c; name = redund.c; path = ../../Dev/comb/redund.c; sourceTree = "<group>"; };
		6DEB6D371FD8D0B5002A1CDA /* ts.h */ = {isa = PBXFileReference; fileEncoding = 4; lastKnownFileType = sourcecode.c.h; name = ts.h; path = ../../Dev/comb/ts.h; sourceTree = "<group>"; };
		6DEB6D381FD8D0B5002A1CDA /* disp.c */ = {isa = PBXFileReference; fileEncoding = 4; lastKnownFileType = sourcecode.c.c; name = disp.c; path = ../../Dev/comb/disp.c; sourceTree = "<group>"; };
		6DEB6D391FD8D0B5002A1CDA /* go.c */ = {isa = PBXFileReference; fileEncoding = 4; lastKnownFileType = sourcecode.c.c; name = go.c; path = ../../Dev/comb/go.c; sourceTree = "<group>"; };
		6DEB6D3A1FD8D0B5002A1CDA /* dt.h */ = {isa = PBXFileReference; fileEncoding = 4; lastKnownFileType = sourcecode.c.h; name = dt.h; path = ../../Dev/comb/dt.h; sourceTree = "<group>"; };
		6DEB6D3B1FD8D0B5002A1CDA /* go.h */ = {isa = PBXFileReference; fileEncoding = 4; lastKnownFileType = sourcecode.c.h; name = go.h; path = ../../Dev/comb/go.h; sourceTree = "<group>"; };
		6DEB6D3C1FD8D0B6002A1CDA /* rank.c */ = {isa = PBXFileReference; fileEncoding = 4; lastKnownFileType = sourcecode.c.c; name = rank.c; path = ../../Dev/comb/rank.c; sourceTree = "<group>"; };
		6DEB6D3D1FD8D0B6002A1CDA /* disp.h */ = {isa = PBXFileReference; fileEncoding = 4; lastKnownFileType = sourcecode.c.h; name = disp.h; path = ../../Dev/comb/disp.h; sourceTree = "<group>"; };
		6DEB6D3E1FD8D0B6002A1CDA /* inp.c */ = {isa = PBXFileReference; fileEncoding = 4; lastKnownFileType = sourcecode.c.c; name = inp.c; path = ../../Dev/comb/inp.c; sourceTree = "<group>"; };
		6DEB6D3F1FD8D0B6002A1CDA /* dt.c */ = {isa = PBXFileReference; fileEncoding = 4; lastKnownFileType = sourcecode.c.c; name = dt.c; path = ../../Dev/comb/dt.c; sourceTree = "<group>"; };
		6DEB6D401FD8D0B6002A1CDA /* score.c */ = {isa = PBXFileReference; fileEncoding = 4; lastKnownFileType = sourcecode.c.c; name = score.c; path = ../../Dev/comb/score.c; sourceTree = "<group>"; };
		6DEB6D411FD8D0B6002A1CDA /* fda.h */ = {isa = PBXFileReference; fileEncoding = 4; lastKnownFileType = sourcecode.c.h; name = fda.h; path = ../../Dev/comb/fda.h; sourceTree = "<group>"; };
		6DEB6D421FD8D0B6002A1CDA /* data.c */ = {isa = PBXFileReference; fileEncoding = 4; lastKnownFileType = sourcecode.c.c; name = data.c; path = ../../Dev/comb/data.c; sourceTree = "<group>"; };
		6DEB6D431FD8D0B6002A1CDA /* redund.h */ = {isa = PBXFileReference; fileEncoding = 4; lastKnownFileType = sourcecode.c.h; name = redund.h; path = ../../Dev/comb/redund.h; sourceTree = "<group>"; };
		6DEB6D4D1FD8D66E002A1CDA /* toto.c */ = {isa = PBXFileReference; lastKnownFileType = sourcecode.c.c; path = toto.c; sourceTree = "<group>"; };
/* End PBXFileReference section */

/* Begin PBXFrameworksBuildPhase section */
		6DEB6D211FD8D056002A1CDA /* Frameworks */ = {
			isa = PBXFrameworksBuildPhase;
			buildActionMask = 2147483647;
			files = (
			);
			runOnlyForDeploymentPostprocessing = 0;
		};
/* End PBXFrameworksBuildPhase section */

/* Begin PBXGroup section */
		6DEB6D1B1FD8D056002A1CDA = {
			isa = PBXGroup;
			children = (
				6DEB6D261FD8D056002A1CDA /* comb */,
				6DEB6D251FD8D056002A1CDA /* Products */,
			);
			sourceTree = "<group>";
		};
		6DEB6D251FD8D056002A1CDA /* Products */ = {
			isa = PBXGroup;
			children = (
				6DEB6D241FD8D056002A1CDA /* comb */,
			);
			name = Products;
			sourceTree = "<group>";
		};
		6DEB6D261FD8D056002A1CDA /* comb */ = {
			isa = PBXGroup;
			children = (
				6DEB6D421FD8D0B6002A1CDA /* data.c */,
				6DEB6D4D1FD8D66E002A1CDA /* toto.c */,
				6DEB6D381FD8D0B5002A1CDA /* disp.c */,
				6DEB6D3D1FD8D0B6002A1CDA /* disp.h */,
				6DEB6D3F1FD8D0B6002A1CDA /* dt.c */,
				6DEB6D3A1FD8D0B5002A1CDA /* dt.h */,
				6DEB6D411FD8D0B6002A1CDA /* fda.h */,
				6DEB6D391FD8D0B5002A1CDA /* go.c */,
				6DEB6D3B1FD8D0B5002A1CDA /* go.h */,
				6DEB6D3E1FD8D0B6002A1CDA /* inp.c */,
				6DEB6D311FD8D0B4002A1CDA /* inp.h */,
				6DEB6D3C1FD8D0B6002A1CDA /* rank.c */,
				6DEB6D341FD8D0B5002A1CDA /* rank.h */,
				6DEB6D361FD8D0B5002A1CDA /* redund.c */,
				6DEB6D431FD8D0B6002A1CDA /* redund.h */,
				6DEB6D321FD8D0B4002A1CDA /* rule.c */,
				6DEB6D331FD8D0B5002A1CDA /* rule.h */,
				6DEB6D401FD8D0B6002A1CDA /* score.c */,
				6DEB6D351FD8D0B5002A1CDA /* score.h */,
				6DEB6D371FD8D0B5002A1CDA /* ts.h */,
				6DEB6D2F1FD8D081002A1CDA /* comb.c */,
				6DEB6D2E1FD8D081002A1CDA /* comb.h */,
			);
			path = comb;
			sourceTree = "<group>";
		};
/* End PBXGroup section */

/* Begin PBXNativeTarget section */
		6DEB6D231FD8D056002A1CDA /* comb */ = {
			isa = PBXNativeTarget;
			buildConfigurationList = 6DEB6D2B1FD8D056002A1CDA /* Build configuration list for PBXNativeTarget "comb" */;
			buildPhases = (
				6DEB6D201FD8D056002A1CDA /* Sources */,
				6DEB6D211FD8D056002A1CDA /* Frameworks */,
				6DEB6D221FD8D056002A1CDA /* CopyFiles */,
			);
			buildRules = (
			);
			dependencies = (
			);
			name = comb;
			productName = comb;
			productReference = 6DEB6D241FD8D056002A1CDA /* comb */;
			productType = "com.apple.product-type.tool";
		};
/* End PBXNativeTarget section */

/* Begin PBXProject section */
		6DEB6D1C1FD8D056002A1CDA /* Project object */ = {
			isa = PBXProject;
			attributes = {
				LastUpgradeCheck = 0910;
				ORGANIZATIONNAME = "Philippe-Faurie";
				TargetAttributes = {
					6DEB6D231FD8D056002A1CDA = {
						CreatedOnToolsVersion = 9.1;
						ProvisioningStyle = Automatic;
					};
				};
			};
			buildConfigurationList = 6DEB6D1F1FD8D056002A1CDA /* Build configuration list for PBXProject "comb" */;
			compatibilityVersion = "Xcode 8.0";
			developmentRegion = en;
			hasScannedForEncodings = 0;
			knownRegions = (
				en,
			);
			mainGroup = 6DEB6D1B1FD8D056002A1CDA;
			productRefGroup = 6DEB6D251FD8D056002A1CDA /* Products */;
			projectDirPath = "";
			projectRoot = "";
			targets = (
				6DEB6D231FD8D056002A1CDA /* comb */,
			);
		};
/* End PBXProject section */

/* Begin PBXSourcesBuildPhase section */
		6DEB6D201FD8D056002A1CDA /* Sources */ = {
			isa = PBXSourcesBuildPhase;
			buildActionMask = 2147483647;
			files = (
				6DEB6D461FD8D0B7002A1CDA /* disp.c in Sources */,
				6DEB6D301FD8D081002A1CDA /* comb.c in Sources */,
				6DEB6D481FD8D0B7002A1CDA /* rank.c in Sources */,
				6DEB6D4A1FD8D0B7002A1CDA /* dt.c in Sources */,
				6DEB6D4B1FD8D0B7002A1CDA /* score.c in Sources */,
				6DEB6D4C1FD8D0B7002A1CDA /* data.c in Sources */,
				6DEB6D441FD8D0B7002A1CDA /* rule.c in Sources */,
				6DEB6D491FD8D0B7002A1CDA /* inp.c in Sources */,
				6DEB6D451FD8D0B7002A1CDA /* redund.c in Sources */,
				6DEB6D4E1FD8D66E002A1CDA /* toto.c in Sources */,
				6DEB6D471FD8D0B7002A1CDA /* go.c in Sources */,
			);
			runOnlyForDeploymentPostprocessing = 0;
		};
/* End PBXSourcesBuildPhase section */

/* Begin XCBuildConfiguration section */
		6DEB6D291FD8D056002A1CDA /* Debug */ = {
			isa = XCBuildConfiguration;
			buildSettings = {
				ALWAYS_SEARCH_USER_PATHS = NO;
				CLANG_ANALYZER_NONNULL = YES;
				CLANG_ANALYZER_NUMBER_OBJECT_CONVERSION = YES_AGGRESSIVE;
				CLANG_CXX_LANGUAGE_STANDARD = "gnu++14";
				CLANG_CXX_LIBRARY = "libc++";
				CLANG_ENABLE_MODULES = YES;
				CLANG_ENABLE_OBJC_ARC = YES;
				CLANG_WARN_BLOCK_CAPTURE_AUTORELEASING = YES;
				CLANG_WARN_BOOL_CONVERSION = YES;
				CLANG_WARN_COMMA = YES;
				CLANG_WARN_CONSTANT_CONVERSION = YES;
				CLANG_WARN_DIRECT_OBJC_ISA_USAGE = YES_ERROR;
				CLANG_WARN_DOCUMENTATION_COMMENTS = YES;
				CLANG_WARN_EMPTY_BODY = YES;
				CLANG_WARN_ENUM_CONVERSION = YES;
				CLANG_WARN_INFINITE_RECURSION = YES;
				CLANG_WARN_INT_CONVERSION = YES;
				CLANG_WARN_NON_LITERAL_NULL_CONVERSION = YES;
				CLANG_WARN_OBJC_LITERAL_CONVERSION = YES;
				CLANG_WARN_OBJC_ROOT_CLASS = YES_ERROR;
				CLANG_WARN_RANGE_LOOP_ANALYSIS = YES;
				CLANG_WARN_STRICT_PROTOTYPES = YES;
				CLANG_WARN_SUSPICIOUS_MOVE = YES;
				CLANG_WARN_UNGUARDED_AVAILABILITY = YES_AGGRESSIVE;
				CLANG_WARN_UNREACHABLE_CODE = YES;
				CLANG_WARN__DUPLICATE_METHOD_MATCH = YES;
				CODE_SIGN_IDENTITY = "-";
				COPY_PHASE_STRIP = NO;
				DEBUG_INFORMATION_FORMAT = dwarf;
				ENABLE_STRICT_OBJC_MSGSEND = YES;
				ENABLE_TESTABILITY = YES;
				GCC_C_LANGUAGE_STANDARD = gnu11;
				GCC_DYNAMIC_NO_PIC = NO;
				GCC_NO_COMMON_BLOCKS = YES;
				GCC_OPTIMIZATION_LEVEL = 0;
				GCC_PREPROCESSOR_DEFINITIONS = (
					"DEBUG=1",
					"$(inherited)",
				);
				GCC_WARN_64_TO_32_BIT_CONVERSION = YES;
				GCC_WARN_ABOUT_RETURN_TYPE = YES_ERROR;
				GCC_WARN_UNDECLARED_SELECTOR = YES;
				GCC_WARN_UNINITIALIZED_AUTOS = YES_AGGRESSIVE;
				GCC_WARN_UNUSED_FUNCTION = YES;
				GCC_WARN_UNUSED_VARIABLE = YES;
				MACOSX_DEPLOYMENT_TARGET = 10.12;
				MTL_ENABLE_DEBUG_INFO = YES;
				ONLY_ACTIVE_ARCH = YES;
				SDKROOT = macosx;
			};
			name = Debug;
		};
		6DEB6D2A1FD8D056002A1CDA /* Release */ = {
			isa = XCBuildConfiguration;
			buildSettings = {
				ALWAYS_SEARCH_USER_PATHS = NO;
				CLANG_ANALYZER_NONNULL = YES;
				CLANG_ANALYZER_NUMBER_OBJECT_CONVERSION = YES_AGGRESSIVE;
				CLANG_CXX_LANGUAGE_STANDARD = "gnu++14";
				CLANG_CXX_LIBRARY = "libc++";
				CLANG_ENABLE_MODULES = YES;
				CLANG_ENABLE_OBJC_ARC = YES;
				CLANG_WARN_BLOCK_CAPTURE_AUTORELEASING = YES;
				CLANG_WARN_BOOL_CONVERSION = YES;
				CLANG_WARN_COMMA = YES;
				CLANG_WARN_CONSTANT_CONVERSION = YES;
				CLANG_WARN_DIRECT_OBJC_ISA_USAGE = YES_ERROR;
				CLANG_WARN_DOCUMENTATION_COMMENTS = YES;
				CLANG_WARN_EMPTY_BODY = YES;
				CLANG_WARN_ENUM_CONVERSION = YES;
				CLANG_WARN_INFINITE_RECURSION = YES;
				CLANG_WARN_INT_CONVERSION = YES;
				CLANG_WARN_NON_LITERAL_NULL_CONVERSION = YES;
				CLANG_WARN_OBJC_LITERAL_CONVERSION = YES;
				CLANG_WARN_OBJC_ROOT_CLASS = YES_ERROR;
				CLANG_WARN_RANGE_LOOP_ANALYSIS = YES;
				CLANG_WARN_STRICT_PROTOTYPES = YES;
				CLANG_WARN_SUSPICIOUS_MOVE = YES;
				CLANG_WARN_UNGUARDED_AVAILABILITY = YES_AGGRESSIVE;
				CLANG_WARN_UNREACHABLE_CODE = YES;
				CLANG_WARN__DUPLICATE_METHOD_MATCH = YES;
				CODE_SIGN_IDENTITY = "-";
				COPY_PHASE_STRIP = NO;
				DEBUG_INFORMATION_FORMAT = "dwarf-with-dsym";
				ENABLE_NS_ASSERTIONS = NO;
				ENABLE_STRICT_OBJC_MSGSEND = YES;
				GCC_C_LANGUAGE_STANDARD = gnu11;
				GCC_NO_COMMON_BLOCKS = YES;
				GCC_WARN_64_TO_32_BIT_CONVERSION = YES;
				GCC_WARN_ABOUT_RETURN_TYPE = YES_ERROR;
				GCC_WARN_UNDECLARED_SELECTOR = YES;
				GCC_WARN_UNINITIALIZED_AUTOS = YES_AGGRESSIVE;
				GCC_WARN_UNUSED_FUNCTION = YES;
				GCC_WARN_UNUSED_VARIABLE = YES;
				MACOSX_DEPLOYMENT_TARGET = 10.12;
				MTL_ENABLE_DEBUG_INFO = NO;
				SDKROOT = macosx;
			};
			name = Release;
		};
		6DEB6D2C1FD8D056002A1CDA /* Debug */ = {
			isa = XCBuildConfiguration;
			buildSettings = {
				CODE_SIGN_STYLE = Automatic;
				PRODUCT_NAME = "$(TARGET_NAME)";
			};
			name = Debug;
		};
		6DEB6D2D1FD8D056002A1CDA /* Release */ = {
			isa = XCBuildConfiguration;
			buildSettings = {
				CODE_SIGN_STYLE = Automatic;
				PRODUCT_NAME = "$(TARGET_NAME)";
			};
			name = Release;
		};
/* End XCBuildConfiguration section */

/* Begin XCConfigurationList section */
		6DEB6D1F1FD8D056002A1CDA /* Build configuration list for PBXProject "comb" */ = {
			isa = XCConfigurationList;
			buildConfigurations = (
				6DEB6D291FD8D056002A1CDA /* Debug */,
				6DEB6D2A1FD8D056002A1CDA /* Release */,
			);
			defaultConfigurationIsVisible = 0;
			defaultConfigurationName = Release;
		};
		6DEB6D2B1FD8D056002A1CDA /* Build configuration list for PBXNativeTarget "comb" */ = {
			isa = XCConfigurationList;
			buildConfigurations = (
				6DEB6D2C1FD8D056002A1CDA /* Debug */,
				6DEB6D2D1FD8D056002A1CDA /* Release */,
			);
			defaultConfigurationIsVisible = 0;
			defaultConfigurationName = Release;
		};
/* End XCConfigurationList section */
	};
	rootObject = 6DEB6D1C1FD8D056002A1CDA /* Project object */;
}
